
Microsoft Visual Studio Solution File, Format Version 12.00
# Visual Studio 2013
VisualStudioVersion = 12.0.21005.1
MinimumVisualStudioVersion = 10.0.40219.1
Project("{FAE04EC0-301F-11D3-BF4B-00C04F79EFBC}") = "Edushi.Novel.Web.Mobile", "Edushi.Novel.Web.Mobile\Edushi.Novel.Web.Mobile.csproj", "{077B7074-02FE-429F-A29E-5BCDDD74D433}"
EndProject
Project("{FAE04EC0-301F-11D3-BF4B-00C04F79EFBC}") = "Edushi.Novel.BLL", "Edushi.Novel.BLL\Edushi.Novel.BLL.csproj", "{784E8F55-7910-4C31-B9C4-0481DBCD722B}"
EndProject
Project("{FAE04EC0-301F-11D3-BF4B-00C04F79EFBC}") = "Edushi.Novel.Common", "Edushi.Novel.Common\Edushi.Novel.Common.csproj", "{863377E5-BE5E-41EC-81AB-F5F98EACBA33}"
EndProject
Project("{FAE04EC0-301F-11D3-BF4B-00C04F79EFBC}") = "Edushi.Novel.Model", "Edushi.Novel.Model\Edushi.Novel.Model.csproj", "{9C913236-C51B-41B8-AD27-457E96D7868B}"
EndProject
Project("{FAE04EC0-301F-11D3-BF4B-00C04F79EFBC}") = "Edushi.Novel.Entity", "Edushi.Novel.Entity\Edushi.Novel.Entity.csproj", "{BD7D6514-7338-491D-92C3-9AA24CD61A63}"
EndProject
Project("{FAE04EC0-301F-11D3-BF4B-00C04F79EFBC}") = "Edushi.Novel.DataAccess", "Edushi.Novel.DataAccess\Edushi.Novel.DataAccess.csproj", "{E63F98E0-844E-4BB2-BA77-7E65BC860721}"
EndProject
Project("{FAE04EC0-301F-11D3-BF4B-00C04F79EFBC}") = "Edushi.Novel.Cache", "Edushi.Novel.Cache\Edushi.Novel.Cache.csproj", "{881CDB76-F7C0-423C-B869-DDB3BC0583CB}"
EndProject
Project("{FAE04EC0-301F-11D3-BF4B-00C04F79EFBC}") = "Edushi.Novel.Web.PC", "Edushi.Novel.Web.PC\Edushi.Novel.Web.PC.csproj", "{91A2405E-69AA-4EAC-AD47-C716018A8399}"
EndProject
Global
	GlobalSection(TeamFoundationVersionControl) = preSolution
		SccNumberOfProjects = 9
		SccEnterpriseProvider = {4CA58AB2-18FA-4F8D-95D4-32DDF27D184C}
		SccTeamFoundationServer = http://192.168.115.223:8080/tfs/defaultcollection
		SccLocalPath0 = .
		SccProjectUniqueName1 = Edushi.Novel.BLL\\Edushi.Novel.BLL.csproj
		SccProjectName1 = Edushi.Novel.BLL
		SccLocalPath1 = Edushi.Novel.BLL
		SccProjectUniqueName2 = Edushi.Novel.Common\\Edushi.Novel.Common.csproj
		SccProjectName2 = Edushi.Novel.Common
		SccLocalPath2 = Edushi.Novel.Common
		SccProjectUniqueName3 = Edushi.Novel.Entity\\Edushi.Novel.Entity.csproj
		SccProjectName3 = Edushi.Novel.Entity
		SccLocalPath3 = Edushi.Novel.Entity
		SccProjectUniqueName4 = Edushi.Novel.Model\\Edushi.Novel.Model.csproj
		SccProjectName4 = Edushi.Novel.Model
		SccLocalPath4 = Edushi.Novel.Model
		SccProjectUniqueName5 = Edushi.Novel.Web.Mobile\\Edushi.Novel.Web.Mobile.csproj
		SccProjectName5 = Edushi.Novel.Web.Mobile
		SccLocalPath5 = Edushi.Novel.Web.Mobile
		SccProjectUniqueName6 = Edushi.Novel.DataAccess\\Edushi.Novel.DataAccess.csproj
		SccProjectName6 = Edushi.Novel.DataAccess
		SccLocalPath6 = Edushi.Novel.DataAccess
		SccProjectUniqueName7 = Edushi.Novel.Cache\\Edushi.Novel.Cache.csproj
		SccProjectName7 = Edushi.Novel.Cache
		SccLocalPath7 = Edushi.Novel.Cache
		SccProjectUniqueName8 = Edushi.Novel.Web.PC\\Edushi.Novel.Web.PC.csproj
		SccProjectName8 = Edushi.Novel.Web.PC
		SccLocalPath8 = Edushi.Novel.Web.PC
	EndGlobalSection
	GlobalSection(SolutionConfigurationPlatforms) = preSolution
		Debug|Any CPU = Debug|Any CPU
		Release|Any CPU = Release|Any CPU
	EndGlobalSection
	GlobalSection(ProjectConfigurationPlatforms) = postSolution
		{077B7074-02FE-429F-A29E-5BCDDD74D433}.Debug|Any CPU.ActiveCfg = Debug|Any CPU
		{077B7074-02FE-429F-A29E-5BCDDD74D433}.Debug|Any CPU.Build.0 = Debug|Any CPU
		{077B7074-02FE-429F-A29E-5BCDDD74D433}.Release|Any CPU.ActiveCfg = Release|Any CPU
		{077B7074-02FE-429F-A29E-5BCDDD74D433}.Release|Any CPU.Build.0 = Release|Any CPU
		{784E8F55-7910-4C31-B9C4-0481DBCD722B}.Debug|Any CPU.ActiveCfg = Debug|Any CPU
		{784E8F55-7910-4C31-B9C4-0481DBCD722B}.Debug|Any CPU.Build.0 = Debug|Any CPU
		{784E8F55-7910-4C31-B9C4-0481DBCD722B}.Release|Any CPU.ActiveCfg = Release|Any CPU
		{784E8F55-7910-4C31-B9C4-0481DBCD722B}.Release|Any CPU.Build.0 = Release|Any CPU
		{863377E5-BE5E-41EC-81AB-F5F98EACBA33}.Debug|Any CPU.ActiveCfg = Debug|Any CPU
		{863377E5-BE5E-41EC-81AB-F5F98EACBA33}.Debug|Any CPU.Build.0 = Debug|Any CPU
		{863377E5-BE5E-41EC-81AB-F5F98EACBA33}.Release|Any CPU.ActiveCfg = Release|Any CPU
		{863377E5-BE5E-41EC-81AB-F5F98EACBA33}.Release|Any CPU.Build.0 = Release|Any CPU
		{9C913236-C51B-41B8-AD27-457E96D7868B}.Debug|Any CPU.ActiveCfg = Debug|Any CPU
		{9C913236-C51B-41B8-AD27-457E96D7868B}.Debug|Any CPU.Build.0 = Debug|Any CPU
		{9C913236-C51B-41B8-AD27-457E96D7868B}.Release|Any CPU.ActiveCfg = Release|Any CPU
		{9C913236-C51B-41B8-AD27-457E96D7868B}.Release|Any CPU.Build.0 = Release|Any CPU
		{BD7D6514-7338-491D-92C3-9AA24CD61A63}.Debug|Any CPU.ActiveCfg = Debug|Any CPU
		{BD7D6514-7338-491D-92C3-9AA24CD61A63}.Debug|Any CPU.Build.0 = Debug|Any CPU
		{BD7D6514-7338-491D-92C3-9AA24CD61A63}.Release|Any CPU.ActiveCfg = Release|Any CPU
		{BD7D6514-7338-491D-92C3-9AA24CD61A63}.Release|Any CPU.Build.0 = Release|Any CPU
		{E63F98E0-844E-4BB2-BA77-7E65BC860721}.Debug|Any CPU.ActiveCfg = Debug|Any CPU
		{E63F98E0-844E-4BB2-BA77-7E65BC860721}.Debug|Any CPU.Build.0 = Debug|Any CPU
		{E63F98E0-844E-4BB2-BA77-7E65BC860721}.Release|Any CPU.ActiveCfg = Release|Any CPU
		{E63F98E0-844E-4BB2-BA77-7E65BC860721}.Release|Any CPU.Build.0 = Release|Any CPU
		{881CDB76-F7C0-423C-B869-DDB3BC0583CB}.Debug|Any CPU.ActiveCfg = Debug|Any CPU
		{881CDB76-F7C0-423C-B869-DDB3BC0583CB}.Debug|Any CPU.Build.0 = Debug|Any CPU
		{881CDB76-F7C0-423C-B869-DDB3BC0583CB}.Release|Any CPU.ActiveCfg = Release|Any CPU
		{881CDB76-F7C0-423C-B869-DDB3BC0583CB}.Release|Any CPU.Build.0 = Release|Any CPU
		{91A2405E-69AA-4EAC-AD47-C716018A8399}.Debug|Any CPU.ActiveCfg = Debug|Any CPU
		{91A2405E-69AA-4EAC-AD47-C716018A8399}.Debug|Any CPU.Build.0 = Debug|Any CPU
		{91A2405E-69AA-4EAC-AD47-C716018A8399}.Release|Any CPU.ActiveCfg = Release|Any CPU
		{91A2405E-69AA-4EAC-AD47-C716018A8399}.Release|Any CPU.Build.0 = Release|Any CPU
	EndGlobalSection
	GlobalSection(SolutionProperties) = preSolution
		HideSolutionNode = FALSE
	EndGlobalSection
	GlobalSection(ExtensibilityGlobals) = postSolution
		SolutionGuid = {00FE1135-63CD-4A6F-99FD-64C73AF0579C}
	EndGlobalSection
EndGlobal
