
Microsoft Visual Studio Solution File, Format Version 10.00
# Visual Studio 2008
Project("{FAE04EC0-301F-11D3-BF4B-00C04F79EFBC}") = "Map.WebApp", "Map.WebApp\Map.WebApp.csproj", "{1A0FF913-6826-4D66-9BC4-A009541DE085}"
EndProject
Project("{FAE04EC0-301F-11D3-BF4B-00C04F79EFBC}") = "EDC.Member", "..\..\..\EDUSHI_DATA_CENTER\EdushiDataCenter\v1.0\Edushi.DataCenter\EDC.Member\EDC.Member.csproj", "{E9778714-5E53-4114-884E-FACCFCEB0474}"
EndProject
Project("{FAE04EC0-301F-11D3-BF4B-00C04F79EFBC}") = "Map.WebBLL", "Map.WebBLL\Map.WebBLL.csproj", "{D15F2EFD-1304-464B-9163-902842924AC5}"
EndProject
Project("{2150E333-8FDC-42A3-9474-1A3956D46DE8}") = "更新记录", "更新记录", "{2D401AE1-0A34-4E4D-98EF-A5C522F1BE09}"
	ProjectSection(SolutionItems) = preProject
		更新记录\版本更新记录.xls = 更新记录\版本更新记录.xls
	EndProjectSection
EndProject
Project("{FAE04EC0-301F-11D3-BF4B-00C04F79EFBC}") = "EDC.Framework", "..\..\..\EDUSHI_DATA_CENTER\EdushiDataCenter\v1.0\Edushi.DataCenter\EDC.Framework\EDC.Framework.csproj", "{A2E154FC-DDE6-45B9-82C0-0C2F1307567C}"
EndProject
Project("{FAE04EC0-301F-11D3-BF4B-00C04F79EFBC}") = "Aladdin.WebAg", "..\..\Aladdin.WebAg\Aladdin.WebAg\Aladdin.WebAg.csproj", "{59EF62E3-2C2C-47A8-9BEB-5B362E5D3CDC}"
EndProject
Project("{FAE04EC0-301F-11D3-BF4B-00C04F79EFBC}") = "EDC.Advertisement", "..\..\..\EDUSHI_DATA_CENTER\EdushiDataCenter\v1.0\Edushi.DataCenter\EDC.Advertisement\EDC.Advertisement.csproj", "{41D8EA6D-EDF4-41A9-8344-C35D981E94EF}"
EndProject
Global
	GlobalSection(TeamFoundationVersionControl) = preSolution
		SccNumberOfProjects = 7
		SccEnterpriseProvider = {4CA58AB2-18FA-4F8D-95D4-32DDF27D184C}
		SccTeamFoundationServer = http://192.168.101.67:8080/
		SccLocalPath0 = .
		SccProjectUniqueName1 = Map.WebApp\\Map.WebApp.csproj
		SccProjectName1 = Map.WebApp
		SccLocalPath1 = Map.WebApp
		SccProjectUniqueName2 = ..\\..\\..\\EDUSHI_DATA_CENTER\\EdushiDataCenter\\v1.0\\Edushi.DataCenter\\EDC.Member\\EDC.Member.csproj
		SccProjectName2 = ../../../EDUSHI_DATA_CENTER/EdushiDataCenter/v1.0/Edushi.DataCenter/EDC.Member
		SccLocalPath2 = ..\\..\\..\\EDUSHI_DATA_CENTER\\EdushiDataCenter\\v1.0\\Edushi.DataCenter\\EDC.Member
		SccProjectUniqueName3 = Map.WebBLL\\Map.WebBLL.csproj
		SccProjectName3 = Map.WebBLL
		SccLocalPath3 = Map.WebBLL
		SccProjectUniqueName4 = ..\\..\\..\\EDUSHI_DATA_CENTER\\EdushiDataCenter\\v1.0\\Edushi.DataCenter\\EDC.Framework\\EDC.Framework.csproj
		SccProjectName4 = ../../../EDUSHI_DATA_CENTER/EdushiDataCenter/v1.0/Edushi.DataCenter/EDC.Framework
		SccLocalPath4 = ..\\..\\..\\EDUSHI_DATA_CENTER\\EdushiDataCenter\\v1.0\\Edushi.DataCenter\\EDC.Framework
		SccProjectUniqueName5 = ..\\..\\Aladdin.WebAg\\Aladdin.WebAg\\Aladdin.WebAg.csproj
		SccProjectName5 = ../../Aladdin.WebAg/Aladdin.WebAg
		SccLocalPath5 = ..\\..\\Aladdin.WebAg\\Aladdin.WebAg
		SccProjectUniqueName6 = ..\\..\\..\\EDUSHI_DATA_CENTER\\EdushiDataCenter\\v1.0\\Edushi.DataCenter\\EDC.Advertisement\\EDC.Advertisement.csproj
		SccProjectName6 = ../../../EDUSHI_DATA_CENTER/EdushiDataCenter/v1.0/Edushi.DataCenter/EDC.Advertisement
		SccLocalPath6 = ..\\..\\..\\EDUSHI_DATA_CENTER\\EdushiDataCenter\\v1.0\\Edushi.DataCenter\\EDC.Advertisement
	EndGlobalSection
	GlobalSection(SolutionConfigurationPlatforms) = preSolution
		Debug|Any CPU = Debug|Any CPU
		Release|Any CPU = Release|Any CPU
	EndGlobalSection
	GlobalSection(ProjectConfigurationPlatforms) = postSolution
		{1A0FF913-6826-4D66-9BC4-A009541DE085}.Debug|Any CPU.ActiveCfg = Debug|Any CPU
		{1A0FF913-6826-4D66-9BC4-A009541DE085}.Debug|Any CPU.Build.0 = Debug|Any CPU
		{1A0FF913-6826-4D66-9BC4-A009541DE085}.Release|Any CPU.ActiveCfg = Release|Any CPU
		{1A0FF913-6826-4D66-9BC4-A009541DE085}.Release|Any CPU.Build.0 = Release|Any CPU
		{E9778714-5E53-4114-884E-FACCFCEB0474}.Debug|Any CPU.ActiveCfg = Debug|Any CPU
		{E9778714-5E53-4114-884E-FACCFCEB0474}.Debug|Any CPU.Build.0 = Debug|Any CPU
		{E9778714-5E53-4114-884E-FACCFCEB0474}.Release|Any CPU.ActiveCfg = Release|Any CPU
		{E9778714-5E53-4114-884E-FACCFCEB0474}.Release|Any CPU.Build.0 = Release|Any CPU
		{D15F2EFD-1304-464B-9163-902842924AC5}.Debug|Any CPU.ActiveCfg = Debug|Any CPU
		{D15F2EFD-1304-464B-9163-902842924AC5}.Debug|Any CPU.Build.0 = Debug|Any CPU
		{D15F2EFD-1304-464B-9163-902842924AC5}.Release|Any CPU.ActiveCfg = Release|Any CPU
		{D15F2EFD-1304-464B-9163-902842924AC5}.Release|Any CPU.Build.0 = Release|Any CPU
		{A2E154FC-DDE6-45B9-82C0-0C2F1307567C}.Debug|Any CPU.ActiveCfg = Debug|Any CPU
		{A2E154FC-DDE6-45B9-82C0-0C2F1307567C}.Debug|Any CPU.Build.0 = Debug|Any CPU
		{A2E154FC-DDE6-45B9-82C0-0C2F1307567C}.Release|Any CPU.ActiveCfg = Release|Any CPU
		{A2E154FC-DDE6-45B9-82C0-0C2F1307567C}.Release|Any CPU.Build.0 = Release|Any CPU
		{59EF62E3-2C2C-47A8-9BEB-5B362E5D3CDC}.Debug|Any CPU.ActiveCfg = Debug|Any CPU
		{59EF62E3-2C2C-47A8-9BEB-5B362E5D3CDC}.Debug|Any CPU.Build.0 = Debug|Any CPU
		{59EF62E3-2C2C-47A8-9BEB-5B362E5D3CDC}.Release|Any CPU.ActiveCfg = Release|Any CPU
		{59EF62E3-2C2C-47A8-9BEB-5B362E5D3CDC}.Release|Any CPU.Build.0 = Release|Any CPU
		{41D8EA6D-EDF4-41A9-8344-C35D981E94EF}.Debug|Any CPU.ActiveCfg = Debug|Any CPU
		{41D8EA6D-EDF4-41A9-8344-C35D981E94EF}.Debug|Any CPU.Build.0 = Debug|Any CPU
		{41D8EA6D-EDF4-41A9-8344-C35D981E94EF}.Release|Any CPU.ActiveCfg = Release|Any CPU
		{41D8EA6D-EDF4-41A9-8344-C35D981E94EF}.Release|Any CPU.Build.0 = Release|Any CPU
	EndGlobalSection
	GlobalSection(SolutionProperties) = preSolution
		HideSolutionNode = FALSE
	EndGlobalSection
	GlobalSection(PowerDesigner) = preSolution
		HasSWS = 1
	EndGlobalSection
EndGlobal
