
Microsoft Visual Studio Solution File, Format Version 11.00
# Visual Studio 2010
Project("{2150E333-8FDC-42A3-9474-1A3956D46DE8}") = "Document", "Document", "{FD634E18-65C3-4209-890C-63DA98AB7CC6}"
	ProjectSection(SolutionItems) = preProject
		解决方案记录.txt = 解决方案记录.txt
	EndProjectSection
EndProject
Project("{FAE04EC0-301F-11D3-BF4B-00C04F79EFBC}") = "Map7.6.WebApp", "Map7.6.WebApp\Map7.6.WebApp.csproj", "{853FA4E7-DA47-4882-9F73-4B5493A719F1}"
EndProject
Project("{FAE04EC0-301F-11D3-BF4B-00C04F79EFBC}") = "Map7.WebBLL", "Map7.6.WebBLL\Map7.WebBLL.csproj", "{0D65FBEF-B2E7-4389-967A-A52FE8CE50D9}"
EndProject
Global
	GlobalSection(TeamFoundationVersionControl) = preSolution
		SccNumberOfProjects = 3
		SccEnterpriseProvider = {4CA58AB2-18FA-4F8D-95D4-32DDF27D184C}
		SccTeamFoundationServer = http://192.168.100.212:8080/tfs/defaultcollection
		SccLocalPath0 = .
		SccProjectUniqueName1 = Map7.6.WebApp\\Map7.6.WebApp.csproj
		SccProjectName1 = Map7.6.WebApp
		SccLocalPath1 = Map7.6.WebApp
		SccProjectUniqueName2 = Map7.6.WebBLL\\Map7.WebBLL.csproj
		SccProjectName2 = Map7.6.WebBLL
		SccLocalPath2 = Map7.6.WebBLL
	EndGlobalSection
	GlobalSection(SolutionConfigurationPlatforms) = preSolution
		Debug|Any CPU = Debug|Any CPU
		Release|Any CPU = Release|Any CPU
	EndGlobalSection
	GlobalSection(ProjectConfigurationPlatforms) = postSolution
		{853FA4E7-DA47-4882-9F73-4B5493A719F1}.Debug|Any CPU.ActiveCfg = Debug|Any CPU
		{853FA4E7-DA47-4882-9F73-4B5493A719F1}.Debug|Any CPU.Build.0 = Debug|Any CPU
		{853FA4E7-DA47-4882-9F73-4B5493A719F1}.Release|Any CPU.ActiveCfg = Release|Any CPU
		{853FA4E7-DA47-4882-9F73-4B5493A719F1}.Release|Any CPU.Build.0 = Release|Any CPU
		{0D65FBEF-B2E7-4389-967A-A52FE8CE50D9}.Debug|Any CPU.ActiveCfg = Debug|Any CPU
		{0D65FBEF-B2E7-4389-967A-A52FE8CE50D9}.Debug|Any CPU.Build.0 = Debug|Any CPU
		{0D65FBEF-B2E7-4389-967A-A52FE8CE50D9}.Release|Any CPU.ActiveCfg = Release|Any CPU
		{0D65FBEF-B2E7-4389-967A-A52FE8CE50D9}.Release|Any CPU.Build.0 = Release|Any CPU
	EndGlobalSection
	GlobalSection(SolutionProperties) = preSolution
		HideSolutionNode = FALSE
	EndGlobalSection
EndGlobal
