
Microsoft Visual Studio Solution File, Format Version 10.00
# Visual Studio 2008
Project("{FAE04EC0-301F-11D3-BF4B-00C04F79EFBC}") = "Map.Plugins.DigCowry", "Map.Plugins.DigCowry\Map.Plugins.DigCowry.csproj", "{CB382AC3-816A-4312-94AB-0317610E78CB}"
EndProject
Project("{FAE04EC0-301F-11D3-BF4B-00C04F79EFBC}") = "Map.Plugins.BLL", "Map.Plugins.BLL\Map.Plugins.BLL.csproj", "{72D0FEC4-2577-4713-A2B1-456A069F05EC}"
EndProject
Project("{2150E333-8FDC-42A3-9474-1A3956D46DE8}") = "Lib", "Lib", "{5470C107-6C4F-4125-8993-FC860EAF1A24}"
	ProjectSection(SolutionItems) = preProject
		Lib\AspNetPager.dll = Lib\AspNetPager.dll
		Lib\EDC.Framework.dll = Lib\EDC.Framework.dll
	EndProjectSection
EndProject
Project("{FAE04EC0-301F-11D3-BF4B-00C04F79EFBC}") = "Map.DigCowry", "Map.DigCowry\Map.DigCowry.csproj", "{972F6CB3-6BAB-42FB-B74C-CEA9397B1931}"
EndProject
Global
	GlobalSection(TeamFoundationVersionControl) = preSolution
		SccNumberOfProjects = 4
		SccEnterpriseProvider = {4CA58AB2-18FA-4F8D-95D4-32DDF27D184C}
		SccTeamFoundationServer = http://192.168.101.67:8080/
		SccLocalPath0 = .
		SccProjectUniqueName1 = Map.Plugins.DigCowry\\Map.Plugins.DigCowry.csproj
		SccProjectName1 = Map.Plugins.DigCowry
		SccLocalPath1 = Map.Plugins.DigCowry
		SccProjectUniqueName2 = Map.Plugins.BLL\\Map.Plugins.BLL.csproj
		SccProjectName2 = Map.Plugins.BLL
		SccLocalPath2 = Map.Plugins.BLL
		SccProjectUniqueName3 = Map.DigCowry\\Map.DigCowry.csproj
		SccProjectName3 = Map.DigCowry
		SccLocalPath3 = Map.DigCowry
	EndGlobalSection
	GlobalSection(SolutionConfigurationPlatforms) = preSolution
		Debug|Any CPU = Debug|Any CPU
		Release|Any CPU = Release|Any CPU
	EndGlobalSection
	GlobalSection(ProjectConfigurationPlatforms) = postSolution
		{CB382AC3-816A-4312-94AB-0317610E78CB}.Debug|Any CPU.ActiveCfg = Debug|Any CPU
		{CB382AC3-816A-4312-94AB-0317610E78CB}.Debug|Any CPU.Build.0 = Debug|Any CPU
		{CB382AC3-816A-4312-94AB-0317610E78CB}.Release|Any CPU.ActiveCfg = Release|Any CPU
		{CB382AC3-816A-4312-94AB-0317610E78CB}.Release|Any CPU.Build.0 = Release|Any CPU
		{72D0FEC4-2577-4713-A2B1-456A069F05EC}.Debug|Any CPU.ActiveCfg = Debug|Any CPU
		{72D0FEC4-2577-4713-A2B1-456A069F05EC}.Debug|Any CPU.Build.0 = Debug|Any CPU
		{72D0FEC4-2577-4713-A2B1-456A069F05EC}.Release|Any CPU.ActiveCfg = Release|Any CPU
		{72D0FEC4-2577-4713-A2B1-456A069F05EC}.Release|Any CPU.Build.0 = Release|Any CPU
		{972F6CB3-6BAB-42FB-B74C-CEA9397B1931}.Debug|Any CPU.ActiveCfg = Debug|Any CPU
		{972F6CB3-6BAB-42FB-B74C-CEA9397B1931}.Debug|Any CPU.Build.0 = Debug|Any CPU
		{972F6CB3-6BAB-42FB-B74C-CEA9397B1931}.Release|Any CPU.ActiveCfg = Release|Any CPU
		{972F6CB3-6BAB-42FB-B74C-CEA9397B1931}.Release|Any CPU.Build.0 = Release|Any CPU
	EndGlobalSection
	GlobalSection(SolutionProperties) = preSolution
		HideSolutionNode = FALSE
	EndGlobalSection
EndGlobal
