
Microsoft Visual Studio Solution File, Format Version 12.00
# Visual Studio 2013
VisualStudioVersion = 12.0.21005.1
MinimumVisualStudioVersion = 10.0.40219.1
Project("{FAE04EC0-301F-11D3-BF4B-00C04F79EFBC}") = "Edushi.XiaoShuo", "Edushi.XiaoShuo\Edushi.XiaoShuo.csproj", "{D53B7DEE-79E1-448F-904B-52CC374A63AB}"
EndProject
Project("{FAE04EC0-301F-11D3-BF4B-00C04F79EFBC}") = "Edushi.MongoDB_2115", "Edushi.MongoDB_2115\Edushi.MongoDB_2115.csproj", "{CB4BC74C-C922-4F56-9171-5748809A0B92}"
EndProject
Global
	GlobalSection(TeamFoundationVersionControl) = preSolution
		SccNumberOfProjects = 3
		SccEnterpriseProvider = {4CA58AB2-18FA-4F8D-95D4-32DDF27D184C}
		SccTeamFoundationServer = http://192.168.115.223:8080/tfs/defaultcollection
		SccLocalPath0 = .
		SccProjectUniqueName1 = Edushi.XiaoShuo\\Edushi.XiaoShuo.csproj
		SccProjectName1 = Edushi.XiaoShuo
		SccLocalPath1 = Edushi.XiaoShuo
		SccProjectUniqueName2 = Edushi.MongoDB_2115\\Edushi.MongoDB_2115.csproj
		SccProjectName2 = Edushi.MongoDB_2115
		SccLocalPath2 = Edushi.MongoDB_2115
	EndGlobalSection
	GlobalSection(SolutionConfigurationPlatforms) = preSolution
		Debug|Any CPU = Debug|Any CPU
		Release|Any CPU = Release|Any CPU
	EndGlobalSection
	GlobalSection(ProjectConfigurationPlatforms) = postSolution
		{D53B7DEE-79E1-448F-904B-52CC374A63AB}.Debug|Any CPU.ActiveCfg = Debug|Any CPU
		{D53B7DEE-79E1-448F-904B-52CC374A63AB}.Debug|Any CPU.Build.0 = Debug|Any CPU
		{D53B7DEE-79E1-448F-904B-52CC374A63AB}.Release|Any CPU.ActiveCfg = Release|Any CPU
		{D53B7DEE-79E1-448F-904B-52CC374A63AB}.Release|Any CPU.Build.0 = Release|Any CPU
		{CB4BC74C-C922-4F56-9171-5748809A0B92}.Debug|Any CPU.ActiveCfg = Debug|Any CPU
		{CB4BC74C-C922-4F56-9171-5748809A0B92}.Debug|Any CPU.Build.0 = Debug|Any CPU
		{CB4BC74C-C922-4F56-9171-5748809A0B92}.Release|Any CPU.ActiveCfg = Release|Any CPU
		{CB4BC74C-C922-4F56-9171-5748809A0B92}.Release|Any CPU.Build.0 = Release|Any CPU
	EndGlobalSection
	GlobalSection(SolutionProperties) = preSolution
		HideSolutionNode = FALSE
	EndGlobalSection
EndGlobal
