
Microsoft Visual Studio Solution File, Format Version 12.00
# Visual Studio 2012
Project("{2150E333-8FDC-42A3-9474-1A3956D46DE8}") = "EdushiFrameWork", "EdushiFrameWork", "{19CE499D-A550-4660-A79E-6656DFF0AB43}"
EndProject
Project("{2150E333-8FDC-42A3-9474-1A3956D46DE8}") = "DataCenterWeb", "DataCenterWeb", "{18D4AFBE-D6FD-4E94-A1A0-007873CD4626}"
EndProject
Project("{2150E333-8FDC-42A3-9474-1A3956D46DE8}") = "EdushiDataCenterApplication", "EdushiDataCenterApplication", "{D933A0FF-C5AB-45DC-AF7D-C6B3AA297F91}"
EndProject
Project("{2150E333-8FDC-42A3-9474-1A3956D46DE8}") = "Tool", "Tool", "{203E0835-EAC1-4745-BCFE-C12CD621446D}"
EndProject
Project("{2150E333-8FDC-42A3-9474-1A3956D46DE8}") = "Test", "Test", "{8397DBE2-36B7-41BA-8E2C-3A5C15AF334B}"
EndProject
Project("{FAE04EC0-301F-11D3-BF4B-00C04F79EFBC}") = "EDC.Framework", "EDC.Framework\EDC.Framework.csproj", "{A2E154FC-DDE6-45B9-82C0-0C2F1307567C}"
EndProject
Project("{FAE04EC0-301F-11D3-BF4B-00C04F79EFBC}") = "Enyim.Caching", "Enyim.Caching\Enyim.Caching.csproj", "{D438C0B3-A168-40B8-BDDD-61F0939DFF35}"
EndProject
Project("{FAE04EC0-301F-11D3-BF4B-00C04F79EFBC}") = "Edushi.MapDataWeb", "Edushi.MapDataWeb\Edushi.MapDataWeb.csproj", "{DBB7F0E2-DD16-4AB4-B03B-D5E627C06AA2}"
EndProject
Project("{FAE04EC0-301F-11D3-BF4B-00C04F79EFBC}") = "Edushi.AdDataWeb", "Edushi.AdDataWeb\Edushi.AdDataWeb.csproj", "{79A12C57-3E97-41C9-BD1F-2D5976B7C1E9}"
EndProject
Project("{FAE04EC0-301F-11D3-BF4B-00C04F79EFBC}") = "Edushi.DiscountDataWeb", "Edushi.DiscountDataWeb\Edushi.DiscountDataWeb.csproj", "{2904D531-F346-47E5-BCA7-12172AD5547E}"
EndProject
Project("{FAE04EC0-301F-11D3-BF4B-00C04F79EFBC}") = "Edushi.MapData", "Edushi.MapData\Edushi.MapData.csproj", "{ABBDB97E-3B7F-4A99-B8EC-1962F982F3EF}"
EndProject
Project("{FAE04EC0-301F-11D3-BF4B-00C04F79EFBC}") = "Edushi.DiscountData", "Edushi.DiscountData\Edushi.DiscountData.csproj", "{A40D0A9C-8AAB-4F98-9FD3-513EFE226907}"
EndProject
Project("{FAE04EC0-301F-11D3-BF4B-00C04F79EFBC}") = "Edushi.AdData", "Edushi.AdData\Edushi.AdData.csproj", "{F5DC02F7-9E14-402C-BE54-890A6AFF3BB8}"
EndProject
Project("{FAE04EC0-301F-11D3-BF4B-00C04F79EFBC}") = "Edushi.Tools", "Edushi.Tools\Edushi.Tools.csproj", "{841A1D3A-1CE6-4DCC-B817-B56623E82EE8}"
EndProject
Project("{FAE04EC0-301F-11D3-BF4B-00C04F79EFBC}") = "Bson", "Tool\Bson\Bson.csproj", "{0E9A3A2A-49CD-4F6C-847C-DC79B4B65CE6}"
EndProject
Project("{FAE04EC0-301F-11D3-BF4B-00C04F79EFBC}") = "Driver", "Tool\Driver\Driver.csproj", "{AE5166CD-76B0-4911-BD80-CED9521F37A1}"
EndProject
Project("{FAE04EC0-301F-11D3-BF4B-00C04F79EFBC}") = "Edushi.Etongcheng.Contract", "Edushi.Etongcheng.Contract\Edushi.Etongcheng.Contract.csproj", "{0EA60EB1-19C0-4ACD-9C2B-01D369E034E6}"
EndProject
Project("{FAE04EC0-301F-11D3-BF4B-00C04F79EFBC}") = "Edushi.Etongcheng.logic", "Edushi.Etongcheng.logic\Edushi.Etongcheng.logic.csproj", "{45C0A934-D50A-43B1-A590-BC628C587CC8}"
EndProject
Project("{FAE04EC0-301F-11D3-BF4B-00C04F79EFBC}") = "Edushi.EtongchengWCF", "Edushi.EtongchengWCF\Edushi.EtongchengWCF.csproj", "{88E5B7CB-7968-44A7-9FE8-0009F0C2BA8A}"
EndProject
Project("{FAE04EC0-301F-11D3-BF4B-00C04F79EFBC}") = "Edushi.BDT.Contract", "Edushi.BDT.Contract\Edushi.BDT.Contract.csproj", "{53B4313D-16BB-4C97-BE51-DFC4D67A74B2}"
EndProject
Project("{FAE04EC0-301F-11D3-BF4B-00C04F79EFBC}") = "Edushi.BDT.logic", "Edushi.BDT.logic\Edushi.BDT.logic.csproj", "{6838BE81-B856-4756-9858-C0999C7551D7}"
EndProject
Project("{FAE04EC0-301F-11D3-BF4B-00C04F79EFBC}") = "Edushi.BdtWCF", "Edushi.BdtWCF\Edushi.BdtWCF.csproj", "{A3D31E4C-A11F-438E-B914-D1A2D1FE69E7}"
EndProject
Project("{FAE04EC0-301F-11D3-BF4B-00C04F79EFBC}") = "Edushi.BDT.NoSqlWeb", "Edushi.BDT.NoSqlWeb\Edushi.BDT.NoSqlWeb.csproj", "{FCB853F9-B3B3-4205-A316-A7EA4F0F3AB7}"
	ProjectSection(ProjectDependencies) = postProject
		{A3D31E4C-A11F-438E-B914-D1A2D1FE69E7} = {A3D31E4C-A11F-438E-B914-D1A2D1FE69E7}
	EndProjectSection
EndProject
Project("{FAE04EC0-301F-11D3-BF4B-00C04F79EFBC}") = "Edushi.BDT.NoSqlApp", "Edushi.BDT.NoSqlApp\Edushi.BDT.NoSqlApp.csproj", "{840FDD0F-1006-4BCB-A496-77F769B08BEF}"
EndProject
Project("{FAE04EC0-301F-11D3-BF4B-00C04F79EFBC}") = "EDC.Member", "..\..\v1.0\Edushi.DataCenter\EDC.Member\EDC.Member.csproj", "{E9778714-5E53-4114-884E-FACCFCEB0474}"
EndProject
Global
	GlobalSection(TeamFoundationVersionControl) = preSolution
		SccNumberOfProjects = 21
		SccEnterpriseProvider = {4CA58AB2-18FA-4F8D-95D4-32DDF27D184C}
		SccTeamFoundationServer = http://192.168.100.212:8080/tfs/defaultcollection
		SccLocalPath0 = .
		SccProjectUniqueName1 = EDC.Framework\\EDC.Framework.csproj
		SccProjectTopLevelParentUniqueName1 = EdushiDataCenterSolution.sln
		SccProjectName1 = EDC.Framework
		SccLocalPath1 = EDC.Framework
		SccProjectUniqueName2 = Edushi.AdData\\Edushi.AdData.csproj
		SccProjectTopLevelParentUniqueName2 = EdushiDataCenterSolution.sln
		SccProjectName2 = Edushi.AdData
		SccLocalPath2 = Edushi.AdData
		SccProjectUniqueName3 = Edushi.AdDataWeb\\Edushi.AdDataWeb.csproj
		SccProjectTopLevelParentUniqueName3 = EdushiDataCenterSolution.sln
		SccProjectName3 = Edushi.AdDataWeb
		SccLocalPath3 = Edushi.AdDataWeb
		SccProjectUniqueName4 = Edushi.DiscountData\\Edushi.DiscountData.csproj
		SccProjectTopLevelParentUniqueName4 = EdushiDataCenterSolution.sln
		SccProjectName4 = Edushi.DiscountData
		SccLocalPath4 = Edushi.DiscountData
		SccProjectUniqueName5 = Edushi.DiscountDataWeb\\Edushi.DiscountDataWeb.csproj
		SccProjectTopLevelParentUniqueName5 = EdushiDataCenterSolution.sln
		SccProjectName5 = Edushi.DiscountDataWeb
		SccLocalPath5 = Edushi.DiscountDataWeb
		SccProjectUniqueName6 = Edushi.MapData\\Edushi.MapData.csproj
		SccProjectTopLevelParentUniqueName6 = EdushiDataCenterSolution.sln
		SccProjectName6 = Edushi.MapData
		SccLocalPath6 = Edushi.MapData
		SccProjectUniqueName7 = Edushi.MapDataWeb\\Edushi.MapDataWeb.csproj
		SccProjectTopLevelParentUniqueName7 = EdushiDataCenterSolution.sln
		SccProjectName7 = Edushi.MapDataWeb
		SccLocalPath7 = Edushi.MapDataWeb
		SccProjectUniqueName8 = Edushi.Tools\\Edushi.Tools.csproj
		SccProjectTopLevelParentUniqueName8 = EdushiDataCenterSolution.sln
		SccProjectName8 = Edushi.Tools
		SccLocalPath8 = Edushi.Tools
		SccProjectUniqueName9 = Enyim.Caching\\Enyim.Caching.csproj
		SccProjectTopLevelParentUniqueName9 = EdushiDataCenterSolution.sln
		SccProjectName9 = Enyim.Caching
		SccLocalPath9 = Enyim.Caching
		SccProjectUniqueName10 = Tool\\Bson\\Bson.csproj
		SccProjectTopLevelParentUniqueName10 = EdushiDataCenterSolution.sln
		SccProjectName10 = Tool/Bson
		SccLocalPath10 = Tool\\Bson
		SccProjectUniqueName11 = Tool\\Driver\\Driver.csproj
		SccProjectTopLevelParentUniqueName11 = EdushiDataCenterSolution.sln
		SccProjectName11 = Tool/Driver
		SccLocalPath11 = Tool\\Driver
		SccProjectUniqueName12 = Edushi.Etongcheng.Contract\\Edushi.Etongcheng.Contract.csproj
		SccProjectTopLevelParentUniqueName12 = EdushiDataCenterSolution.sln
		SccProjectName12 = Edushi.Etongcheng.Contract
		SccLocalPath12 = Edushi.Etongcheng.Contract
		SccProjectUniqueName13 = Edushi.Etongcheng.logic\\Edushi.Etongcheng.logic.csproj
		SccProjectTopLevelParentUniqueName13 = EdushiDataCenterSolution.sln
		SccProjectName13 = Edushi.Etongcheng.logic
		SccLocalPath13 = Edushi.Etongcheng.logic
		SccProjectUniqueName14 = Edushi.EtongchengWCF\\Edushi.EtongchengWCF.csproj
		SccProjectTopLevelParentUniqueName14 = EdushiDataCenterSolution.sln
		SccProjectName14 = Edushi.EtongchengWCF
		SccLocalPath14 = Edushi.EtongchengWCF
		SccProjectUniqueName15 = Edushi.BDT.Contract\\Edushi.BDT.Contract.csproj
		SccProjectTopLevelParentUniqueName15 = EdushiDataCenterSolution.sln
		SccProjectName15 = Edushi.BDT.Contract
		SccLocalPath15 = Edushi.BDT.Contract
		SccProjectUniqueName16 = Edushi.BDT.logic\\Edushi.BDT.logic.csproj
		SccProjectTopLevelParentUniqueName16 = EdushiDataCenterSolution.sln
		SccProjectName16 = Edushi.BDT.logic
		SccLocalPath16 = Edushi.BDT.logic
		SccProjectUniqueName17 = Edushi.BdtWCF\\Edushi.BdtWCF.csproj
		SccProjectTopLevelParentUniqueName17 = EdushiDataCenterSolution.sln
		SccProjectName17 = Edushi.BdtWCF
		SccLocalPath17 = Edushi.BdtWCF
		SccProjectUniqueName18 = Edushi.BDT.NoSqlWeb\\Edushi.BDT.NoSqlWeb.csproj
		SccProjectTopLevelParentUniqueName18 = EdushiDataCenterSolution.sln
		SccProjectName18 = Edushi.BDT.NoSqlWeb
		SccLocalPath18 = Edushi.BDT.NoSqlWeb
		SccProjectUniqueName19 = Edushi.BDT.NoSqlApp\\Edushi.BDT.NoSqlApp.csproj
		SccProjectTopLevelParentUniqueName19 = EdushiDataCenterSolution.sln
		SccProjectName19 = Edushi.BDT.NoSqlApp
		SccLocalPath19 = Edushi.BDT.NoSqlApp
		SccProjectUniqueName20 = ..\\..\\v1.0\\Edushi.DataCenter\\EDC.Member\\EDC.Member.csproj
		SccProjectTopLevelParentUniqueName20 = EdushiDataCenterSolution.sln
		SccProjectName20 = ../../v1.0/Edushi.DataCenter/EDC.Member
		SccLocalPath20 = ..\\..\\v1.0\\Edushi.DataCenter\\EDC.Member
	EndGlobalSection
	GlobalSection(SolutionConfigurationPlatforms) = preSolution
		Debug|Any CPU = Debug|Any CPU
		Debug|Mixed Platforms = Debug|Mixed Platforms
		Debug|x64 = Debug|x64
		Debug|x86 = Debug|x86
		Release|Any CPU = Release|Any CPU
		Release|Mixed Platforms = Release|Mixed Platforms
		Release|x64 = Release|x64
		Release|x86 = Release|x86
	EndGlobalSection
	GlobalSection(ProjectConfigurationPlatforms) = postSolution
		{A2E154FC-DDE6-45B9-82C0-0C2F1307567C}.Debug|Any CPU.ActiveCfg = Debug|Any CPU
		{A2E154FC-DDE6-45B9-82C0-0C2F1307567C}.Debug|Any CPU.Build.0 = Debug|Any CPU
		{A2E154FC-DDE6-45B9-82C0-0C2F1307567C}.Debug|Mixed Platforms.ActiveCfg = Debug|Any CPU
		{A2E154FC-DDE6-45B9-82C0-0C2F1307567C}.Debug|Mixed Platforms.Build.0 = Debug|Any CPU
		{A2E154FC-DDE6-45B9-82C0-0C2F1307567C}.Debug|x64.ActiveCfg = Debug|Any CPU
		{A2E154FC-DDE6-45B9-82C0-0C2F1307567C}.Debug|x86.ActiveCfg = Debug|Any CPU
		{A2E154FC-DDE6-45B9-82C0-0C2F1307567C}.Release|Any CPU.ActiveCfg = Release|Any CPU
		{A2E154FC-DDE6-45B9-82C0-0C2F1307567C}.Release|Any CPU.Build.0 = Release|Any CPU
		{A2E154FC-DDE6-45B9-82C0-0C2F1307567C}.Release|Mixed Platforms.ActiveCfg = Release|Any CPU
		{A2E154FC-DDE6-45B9-82C0-0C2F1307567C}.Release|Mixed Platforms.Build.0 = Release|Any CPU
		{A2E154FC-DDE6-45B9-82C0-0C2F1307567C}.Release|x64.ActiveCfg = Release|Any CPU
		{A2E154FC-DDE6-45B9-82C0-0C2F1307567C}.Release|x86.ActiveCfg = Release|Any CPU
		{D438C0B3-A168-40B8-BDDD-61F0939DFF35}.Debug|Any CPU.ActiveCfg = Debug|Any CPU
		{D438C0B3-A168-40B8-BDDD-61F0939DFF35}.Debug|Any CPU.Build.0 = Debug|Any CPU
		{D438C0B3-A168-40B8-BDDD-61F0939DFF35}.Debug|Mixed Platforms.ActiveCfg = Debug|Any CPU
		{D438C0B3-A168-40B8-BDDD-61F0939DFF35}.Debug|Mixed Platforms.Build.0 = Debug|Any CPU
		{D438C0B3-A168-40B8-BDDD-61F0939DFF35}.Debug|x64.ActiveCfg = Debug|Any CPU
		{D438C0B3-A168-40B8-BDDD-61F0939DFF35}.Debug|x86.ActiveCfg = Debug|Any CPU
		{D438C0B3-A168-40B8-BDDD-61F0939DFF35}.Release|Any CPU.ActiveCfg = Release|Any CPU
		{D438C0B3-A168-40B8-BDDD-61F0939DFF35}.Release|Any CPU.Build.0 = Release|Any CPU
		{D438C0B3-A168-40B8-BDDD-61F0939DFF35}.Release|Mixed Platforms.ActiveCfg = Release|Any CPU
		{D438C0B3-A168-40B8-BDDD-61F0939DFF35}.Release|Mixed Platforms.Build.0 = Release|Any CPU
		{D438C0B3-A168-40B8-BDDD-61F0939DFF35}.Release|x64.ActiveCfg = Release|Any CPU
		{D438C0B3-A168-40B8-BDDD-61F0939DFF35}.Release|x86.ActiveCfg = Release|Any CPU
		{DBB7F0E2-DD16-4AB4-B03B-D5E627C06AA2}.Debug|Any CPU.ActiveCfg = Debug|Any CPU
		{DBB7F0E2-DD16-4AB4-B03B-D5E627C06AA2}.Debug|Any CPU.Build.0 = Debug|Any CPU
		{DBB7F0E2-DD16-4AB4-B03B-D5E627C06AA2}.Debug|Mixed Platforms.ActiveCfg = Debug|Any CPU
		{DBB7F0E2-DD16-4AB4-B03B-D5E627C06AA2}.Debug|Mixed Platforms.Build.0 = Debug|Any CPU
		{DBB7F0E2-DD16-4AB4-B03B-D5E627C06AA2}.Debug|x64.ActiveCfg = Debug|Any CPU
		{DBB7F0E2-DD16-4AB4-B03B-D5E627C06AA2}.Debug|x86.ActiveCfg = Debug|Any CPU
		{DBB7F0E2-DD16-4AB4-B03B-D5E627C06AA2}.Release|Any CPU.ActiveCfg = Release|Any CPU
		{DBB7F0E2-DD16-4AB4-B03B-D5E627C06AA2}.Release|Any CPU.Build.0 = Release|Any CPU
		{DBB7F0E2-DD16-4AB4-B03B-D5E627C06AA2}.Release|Mixed Platforms.ActiveCfg = Release|Any CPU
		{DBB7F0E2-DD16-4AB4-B03B-D5E627C06AA2}.Release|Mixed Platforms.Build.0 = Release|Any CPU
		{DBB7F0E2-DD16-4AB4-B03B-D5E627C06AA2}.Release|x64.ActiveCfg = Release|Any CPU
		{DBB7F0E2-DD16-4AB4-B03B-D5E627C06AA2}.Release|x86.ActiveCfg = Release|Any CPU
		{79A12C57-3E97-41C9-BD1F-2D5976B7C1E9}.Debug|Any CPU.ActiveCfg = Debug|Any CPU
		{79A12C57-3E97-41C9-BD1F-2D5976B7C1E9}.Debug|Any CPU.Build.0 = Debug|Any CPU
		{79A12C57-3E97-41C9-BD1F-2D5976B7C1E9}.Debug|Mixed Platforms.ActiveCfg = Debug|Any CPU
		{79A12C57-3E97-41C9-BD1F-2D5976B7C1E9}.Debug|Mixed Platforms.Build.0 = Debug|Any CPU
		{79A12C57-3E97-41C9-BD1F-2D5976B7C1E9}.Debug|x64.ActiveCfg = Debug|Any CPU
		{79A12C57-3E97-41C9-BD1F-2D5976B7C1E9}.Debug|x86.ActiveCfg = Debug|Any CPU
		{79A12C57-3E97-41C9-BD1F-2D5976B7C1E9}.Release|Any CPU.ActiveCfg = Release|Any CPU
		{79A12C57-3E97-41C9-BD1F-2D5976B7C1E9}.Release|Any CPU.Build.0 = Release|Any CPU
		{79A12C57-3E97-41C9-BD1F-2D5976B7C1E9}.Release|Mixed Platforms.ActiveCfg = Release|Any CPU
		{79A12C57-3E97-41C9-BD1F-2D5976B7C1E9}.Release|Mixed Platforms.Build.0 = Release|Any CPU
		{79A12C57-3E97-41C9-BD1F-2D5976B7C1E9}.Release|x64.ActiveCfg = Release|Any CPU
		{79A12C57-3E97-41C9-BD1F-2D5976B7C1E9}.Release|x86.ActiveCfg = Release|Any CPU
		{2904D531-F346-47E5-BCA7-12172AD5547E}.Debug|Any CPU.ActiveCfg = Debug|Any CPU
		{2904D531-F346-47E5-BCA7-12172AD5547E}.Debug|Any CPU.Build.0 = Debug|Any CPU
		{2904D531-F346-47E5-BCA7-12172AD5547E}.Debug|Mixed Platforms.ActiveCfg = Debug|Any CPU
		{2904D531-F346-47E5-BCA7-12172AD5547E}.Debug|Mixed Platforms.Build.0 = Debug|Any CPU
		{2904D531-F346-47E5-BCA7-12172AD5547E}.Debug|x64.ActiveCfg = Debug|Any CPU
		{2904D531-F346-47E5-BCA7-12172AD5547E}.Debug|x86.ActiveCfg = Debug|Any CPU
		{2904D531-F346-47E5-BCA7-12172AD5547E}.Release|Any CPU.ActiveCfg = Release|Any CPU
		{2904D531-F346-47E5-BCA7-12172AD5547E}.Release|Any CPU.Build.0 = Release|Any CPU
		{2904D531-F346-47E5-BCA7-12172AD5547E}.Release|Mixed Platforms.ActiveCfg = Release|Any CPU
		{2904D531-F346-47E5-BCA7-12172AD5547E}.Release|Mixed Platforms.Build.0 = Release|Any CPU
		{2904D531-F346-47E5-BCA7-12172AD5547E}.Release|x64.ActiveCfg = Release|Any CPU
		{2904D531-F346-47E5-BCA7-12172AD5547E}.Release|x86.ActiveCfg = Release|Any CPU
		{ABBDB97E-3B7F-4A99-B8EC-1962F982F3EF}.Debug|Any CPU.ActiveCfg = Debug|Any CPU
		{ABBDB97E-3B7F-4A99-B8EC-1962F982F3EF}.Debug|Any CPU.Build.0 = Debug|Any CPU
		{ABBDB97E-3B7F-4A99-B8EC-1962F982F3EF}.Debug|Mixed Platforms.ActiveCfg = Debug|Any CPU
		{ABBDB97E-3B7F-4A99-B8EC-1962F982F3EF}.Debug|Mixed Platforms.Build.0 = Debug|Any CPU
		{ABBDB97E-3B7F-4A99-B8EC-1962F982F3EF}.Debug|x64.ActiveCfg = Debug|Any CPU
		{ABBDB97E-3B7F-4A99-B8EC-1962F982F3EF}.Debug|x86.ActiveCfg = Debug|Any CPU
		{ABBDB97E-3B7F-4A99-B8EC-1962F982F3EF}.Release|Any CPU.ActiveCfg = Release|Any CPU
		{ABBDB97E-3B7F-4A99-B8EC-1962F982F3EF}.Release|Any CPU.Build.0 = Release|Any CPU
		{ABBDB97E-3B7F-4A99-B8EC-1962F982F3EF}.Release|Mixed Platforms.ActiveCfg = Release|Any CPU
		{ABBDB97E-3B7F-4A99-B8EC-1962F982F3EF}.Release|Mixed Platforms.Build.0 = Release|Any CPU
		{ABBDB97E-3B7F-4A99-B8EC-1962F982F3EF}.Release|x64.ActiveCfg = Release|Any CPU
		{ABBDB97E-3B7F-4A99-B8EC-1962F982F3EF}.Release|x86.ActiveCfg = Release|Any CPU
		{A40D0A9C-8AAB-4F98-9FD3-513EFE226907}.Debug|Any CPU.ActiveCfg = Debug|Any CPU
		{A40D0A9C-8AAB-4F98-9FD3-513EFE226907}.Debug|Any CPU.Build.0 = Debug|Any CPU
		{A40D0A9C-8AAB-4F98-9FD3-513EFE226907}.Debug|Mixed Platforms.ActiveCfg = Debug|Any CPU
		{A40D0A9C-8AAB-4F98-9FD3-513EFE226907}.Debug|Mixed Platforms.Build.0 = Debug|Any CPU
		{A40D0A9C-8AAB-4F98-9FD3-513EFE226907}.Debug|x64.ActiveCfg = Debug|Any CPU
		{A40D0A9C-8AAB-4F98-9FD3-513EFE226907}.Debug|x86.ActiveCfg = Debug|Any CPU
		{A40D0A9C-8AAB-4F98-9FD3-513EFE226907}.Release|Any CPU.ActiveCfg = Release|Any CPU
		{A40D0A9C-8AAB-4F98-9FD3-513EFE226907}.Release|Any CPU.Build.0 = Release|Any CPU
		{A40D0A9C-8AAB-4F98-9FD3-513EFE226907}.Release|Mixed Platforms.ActiveCfg = Release|Any CPU
		{A40D0A9C-8AAB-4F98-9FD3-513EFE226907}.Release|Mixed Platforms.Build.0 = Release|Any CPU
		{A40D0A9C-8AAB-4F98-9FD3-513EFE226907}.Release|x64.ActiveCfg = Release|Any CPU
		{A40D0A9C-8AAB-4F98-9FD3-513EFE226907}.Release|x86.ActiveCfg = Release|Any CPU
		{F5DC02F7-9E14-402C-BE54-890A6AFF3BB8}.Debug|Any CPU.ActiveCfg = Debug|Any CPU
		{F5DC02F7-9E14-402C-BE54-890A6AFF3BB8}.Debug|Any CPU.Build.0 = Debug|Any CPU
		{F5DC02F7-9E14-402C-BE54-890A6AFF3BB8}.Debug|Mixed Platforms.ActiveCfg = Debug|Any CPU
		{F5DC02F7-9E14-402C-BE54-890A6AFF3BB8}.Debug|Mixed Platforms.Build.0 = Debug|Any CPU
		{F5DC02F7-9E14-402C-BE54-890A6AFF3BB8}.Debug|x64.ActiveCfg = Debug|Any CPU
		{F5DC02F7-9E14-402C-BE54-890A6AFF3BB8}.Debug|x86.ActiveCfg = Debug|Any CPU
		{F5DC02F7-9E14-402C-BE54-890A6AFF3BB8}.Release|Any CPU.ActiveCfg = Release|Any CPU
		{F5DC02F7-9E14-402C-BE54-890A6AFF3BB8}.Release|Any CPU.Build.0 = Release|Any CPU
		{F5DC02F7-9E14-402C-BE54-890A6AFF3BB8}.Release|Mixed Platforms.ActiveCfg = Release|Any CPU
		{F5DC02F7-9E14-402C-BE54-890A6AFF3BB8}.Release|Mixed Platforms.Build.0 = Release|Any CPU
		{F5DC02F7-9E14-402C-BE54-890A6AFF3BB8}.Release|x64.ActiveCfg = Release|Any CPU
		{F5DC02F7-9E14-402C-BE54-890A6AFF3BB8}.Release|x86.ActiveCfg = Release|Any CPU
		{841A1D3A-1CE6-4DCC-B817-B56623E82EE8}.Debug|Any CPU.ActiveCfg = Debug|Any CPU
		{841A1D3A-1CE6-4DCC-B817-B56623E82EE8}.Debug|Any CPU.Build.0 = Debug|Any CPU
		{841A1D3A-1CE6-4DCC-B817-B56623E82EE8}.Debug|Mixed Platforms.ActiveCfg = Debug|Any CPU
		{841A1D3A-1CE6-4DCC-B817-B56623E82EE8}.Debug|Mixed Platforms.Build.0 = Debug|Any CPU
		{841A1D3A-1CE6-4DCC-B817-B56623E82EE8}.Debug|x64.ActiveCfg = Debug|Any CPU
		{841A1D3A-1CE6-4DCC-B817-B56623E82EE8}.Debug|x86.ActiveCfg = Debug|Any CPU
		{841A1D3A-1CE6-4DCC-B817-B56623E82EE8}.Release|Any CPU.ActiveCfg = Release|Any CPU
		{841A1D3A-1CE6-4DCC-B817-B56623E82EE8}.Release|Any CPU.Build.0 = Release|Any CPU
		{841A1D3A-1CE6-4DCC-B817-B56623E82EE8}.Release|Mixed Platforms.ActiveCfg = Release|Any CPU
		{841A1D3A-1CE6-4DCC-B817-B56623E82EE8}.Release|Mixed Platforms.Build.0 = Release|Any CPU
		{841A1D3A-1CE6-4DCC-B817-B56623E82EE8}.Release|x64.ActiveCfg = Release|Any CPU
		{841A1D3A-1CE6-4DCC-B817-B56623E82EE8}.Release|x86.ActiveCfg = Release|Any CPU
		{0E9A3A2A-49CD-4F6C-847C-DC79B4B65CE6}.Debug|Any CPU.ActiveCfg = Debug|Any CPU
		{0E9A3A2A-49CD-4F6C-847C-DC79B4B65CE6}.Debug|Any CPU.Build.0 = Debug|Any CPU
		{0E9A3A2A-49CD-4F6C-847C-DC79B4B65CE6}.Debug|Mixed Platforms.ActiveCfg = Debug|Any CPU
		{0E9A3A2A-49CD-4F6C-847C-DC79B4B65CE6}.Debug|Mixed Platforms.Build.0 = Debug|Any CPU
		{0E9A3A2A-49CD-4F6C-847C-DC79B4B65CE6}.Debug|x64.ActiveCfg = Debug|x64
		{0E9A3A2A-49CD-4F6C-847C-DC79B4B65CE6}.Debug|x64.Build.0 = Debug|x64
		{0E9A3A2A-49CD-4F6C-847C-DC79B4B65CE6}.Debug|x86.ActiveCfg = Debug|x64
		{0E9A3A2A-49CD-4F6C-847C-DC79B4B65CE6}.Release|Any CPU.ActiveCfg = Release|Any CPU
		{0E9A3A2A-49CD-4F6C-847C-DC79B4B65CE6}.Release|Any CPU.Build.0 = Release|Any CPU
		{0E9A3A2A-49CD-4F6C-847C-DC79B4B65CE6}.Release|Mixed Platforms.ActiveCfg = Release|Any CPU
		{0E9A3A2A-49CD-4F6C-847C-DC79B4B65CE6}.Release|Mixed Platforms.Build.0 = Release|Any CPU
		{0E9A3A2A-49CD-4F6C-847C-DC79B4B65CE6}.Release|x64.ActiveCfg = Release|x64
		{0E9A3A2A-49CD-4F6C-847C-DC79B4B65CE6}.Release|x64.Build.0 = Release|x64
		{0E9A3A2A-49CD-4F6C-847C-DC79B4B65CE6}.Release|x86.ActiveCfg = Release|x64
		{AE5166CD-76B0-4911-BD80-CED9521F37A1}.Debug|Any CPU.ActiveCfg = Debug|Any CPU
		{AE5166CD-76B0-4911-BD80-CED9521F37A1}.Debug|Any CPU.Build.0 = Debug|Any CPU
		{AE5166CD-76B0-4911-BD80-CED9521F37A1}.Debug|Mixed Platforms.ActiveCfg = Debug|Any CPU
		{AE5166CD-76B0-4911-BD80-CED9521F37A1}.Debug|Mixed Platforms.Build.0 = Debug|Any CPU
		{AE5166CD-76B0-4911-BD80-CED9521F37A1}.Debug|x64.ActiveCfg = Debug|x64
		{AE5166CD-76B0-4911-BD80-CED9521F37A1}.Debug|x64.Build.0 = Debug|x64
		{AE5166CD-76B0-4911-BD80-CED9521F37A1}.Debug|x86.ActiveCfg = Debug|x64
		{AE5166CD-76B0-4911-BD80-CED9521F37A1}.Release|Any CPU.ActiveCfg = Release|Any CPU
		{AE5166CD-76B0-4911-BD80-CED9521F37A1}.Release|Any CPU.Build.0 = Release|Any CPU
		{AE5166CD-76B0-4911-BD80-CED9521F37A1}.Release|Mixed Platforms.ActiveCfg = Release|Any CPU
		{AE5166CD-76B0-4911-BD80-CED9521F37A1}.Release|Mixed Platforms.Build.0 = Release|Any CPU
		{AE5166CD-76B0-4911-BD80-CED9521F37A1}.Release|x64.ActiveCfg = Release|x64
		{AE5166CD-76B0-4911-BD80-CED9521F37A1}.Release|x64.Build.0 = Release|x64
		{AE5166CD-76B0-4911-BD80-CED9521F37A1}.Release|x86.ActiveCfg = Release|x64
		{0EA60EB1-19C0-4ACD-9C2B-01D369E034E6}.Debug|Any CPU.ActiveCfg = Debug|Any CPU
		{0EA60EB1-19C0-4ACD-9C2B-01D369E034E6}.Debug|Any CPU.Build.0 = Debug|Any CPU
		{0EA60EB1-19C0-4ACD-9C2B-01D369E034E6}.Debug|Mixed Platforms.ActiveCfg = Debug|Any CPU
		{0EA60EB1-19C0-4ACD-9C2B-01D369E034E6}.Debug|Mixed Platforms.Build.0 = Debug|Any CPU
		{0EA60EB1-19C0-4ACD-9C2B-01D369E034E6}.Debug|x64.ActiveCfg = Debug|Any CPU
		{0EA60EB1-19C0-4ACD-9C2B-01D369E034E6}.Debug|x86.ActiveCfg = Debug|Any CPU
		{0EA60EB1-19C0-4ACD-9C2B-01D369E034E6}.Release|Any CPU.ActiveCfg = Release|Any CPU
		{0EA60EB1-19C0-4ACD-9C2B-01D369E034E6}.Release|Any CPU.Build.0 = Release|Any CPU
		{0EA60EB1-19C0-4ACD-9C2B-01D369E034E6}.Release|Mixed Platforms.ActiveCfg = Release|Any CPU
		{0EA60EB1-19C0-4ACD-9C2B-01D369E034E6}.Release|Mixed Platforms.Build.0 = Release|Any CPU
		{0EA60EB1-19C0-4ACD-9C2B-01D369E034E6}.Release|x64.ActiveCfg = Release|Any CPU
		{0EA60EB1-19C0-4ACD-9C2B-01D369E034E6}.Release|x86.ActiveCfg = Release|Any CPU
		{45C0A934-D50A-43B1-A590-BC628C587CC8}.Debug|Any CPU.ActiveCfg = Debug|Any CPU
		{45C0A934-D50A-43B1-A590-BC628C587CC8}.Debug|Any CPU.Build.0 = Debug|Any CPU
		{45C0A934-D50A-43B1-A590-BC628C587CC8}.Debug|Mixed Platforms.ActiveCfg = Debug|Any CPU
		{45C0A934-D50A-43B1-A590-BC628C587CC8}.Debug|Mixed Platforms.Build.0 = Debug|Any CPU
		{45C0A934-D50A-43B1-A590-BC628C587CC8}.Debug|x64.ActiveCfg = Debug|Any CPU
		{45C0A934-D50A-43B1-A590-BC628C587CC8}.Debug|x86.ActiveCfg = Debug|Any CPU
		{45C0A934-D50A-43B1-A590-BC628C587CC8}.Release|Any CPU.ActiveCfg = Release|Any CPU
		{45C0A934-D50A-43B1-A590-BC628C587CC8}.Release|Any CPU.Build.0 = Release|Any CPU
		{45C0A934-D50A-43B1-A590-BC628C587CC8}.Release|Mixed Platforms.ActiveCfg = Release|Any CPU
		{45C0A934-D50A-43B1-A590-BC628C587CC8}.Release|Mixed Platforms.Build.0 = Release|Any CPU
		{45C0A934-D50A-43B1-A590-BC628C587CC8}.Release|x64.ActiveCfg = Release|Any CPU
		{45C0A934-D50A-43B1-A590-BC628C587CC8}.Release|x86.ActiveCfg = Release|Any CPU
		{88E5B7CB-7968-44A7-9FE8-0009F0C2BA8A}.Debug|Any CPU.ActiveCfg = Debug|Any CPU
		{88E5B7CB-7968-44A7-9FE8-0009F0C2BA8A}.Debug|Any CPU.Build.0 = Debug|Any CPU
		{88E5B7CB-7968-44A7-9FE8-0009F0C2BA8A}.Debug|Mixed Platforms.ActiveCfg = Debug|Any CPU
		{88E5B7CB-7968-44A7-9FE8-0009F0C2BA8A}.Debug|Mixed Platforms.Build.0 = Debug|Any CPU
		{88E5B7CB-7968-44A7-9FE8-0009F0C2BA8A}.Debug|x64.ActiveCfg = Debug|Any CPU
		{88E5B7CB-7968-44A7-9FE8-0009F0C2BA8A}.Debug|x86.ActiveCfg = Debug|Any CPU
		{88E5B7CB-7968-44A7-9FE8-0009F0C2BA8A}.Release|Any CPU.ActiveCfg = Release|Any CPU
		{88E5B7CB-7968-44A7-9FE8-0009F0C2BA8A}.Release|Any CPU.Build.0 = Release|Any CPU
		{88E5B7CB-7968-44A7-9FE8-0009F0C2BA8A}.Release|Mixed Platforms.ActiveCfg = Release|Any CPU
		{88E5B7CB-7968-44A7-9FE8-0009F0C2BA8A}.Release|Mixed Platforms.Build.0 = Release|Any CPU
		{88E5B7CB-7968-44A7-9FE8-0009F0C2BA8A}.Release|x64.ActiveCfg = Release|Any CPU
		{88E5B7CB-7968-44A7-9FE8-0009F0C2BA8A}.Release|x86.ActiveCfg = Release|Any CPU
		{53B4313D-16BB-4C97-BE51-DFC4D67A74B2}.Debug|Any CPU.ActiveCfg = Debug|Any CPU
		{53B4313D-16BB-4C97-BE51-DFC4D67A74B2}.Debug|Any CPU.Build.0 = Debug|Any CPU
		{53B4313D-16BB-4C97-BE51-DFC4D67A74B2}.Debug|Mixed Platforms.ActiveCfg = Debug|Any CPU
		{53B4313D-16BB-4C97-BE51-DFC4D67A74B2}.Debug|Mixed Platforms.Build.0 = Debug|Any CPU
		{53B4313D-16BB-4C97-BE51-DFC4D67A74B2}.Debug|x64.ActiveCfg = Debug|Any CPU
		{53B4313D-16BB-4C97-BE51-DFC4D67A74B2}.Debug|x86.ActiveCfg = Debug|Any CPU
		{53B4313D-16BB-4C97-BE51-DFC4D67A74B2}.Release|Any CPU.ActiveCfg = Release|Any CPU
		{53B4313D-16BB-4C97-BE51-DFC4D67A74B2}.Release|Any CPU.Build.0 = Release|Any CPU
		{53B4313D-16BB-4C97-BE51-DFC4D67A74B2}.Release|Mixed Platforms.ActiveCfg = Release|Any CPU
		{53B4313D-16BB-4C97-BE51-DFC4D67A74B2}.Release|Mixed Platforms.Build.0 = Release|Any CPU
		{53B4313D-16BB-4C97-BE51-DFC4D67A74B2}.Release|x64.ActiveCfg = Release|Any CPU
		{53B4313D-16BB-4C97-BE51-DFC4D67A74B2}.Release|x86.ActiveCfg = Release|Any CPU
		{6838BE81-B856-4756-9858-C0999C7551D7}.Debug|Any CPU.ActiveCfg = Debug|Any CPU
		{6838BE81-B856-4756-9858-C0999C7551D7}.Debug|Any CPU.Build.0 = Debug|Any CPU
		{6838BE81-B856-4756-9858-C0999C7551D7}.Debug|Mixed Platforms.ActiveCfg = Debug|Any CPU
		{6838BE81-B856-4756-9858-C0999C7551D7}.Debug|Mixed Platforms.Build.0 = Debug|Any CPU
		{6838BE81-B856-4756-9858-C0999C7551D7}.Debug|x64.ActiveCfg = Debug|Any CPU
		{6838BE81-B856-4756-9858-C0999C7551D7}.Debug|x86.ActiveCfg = Debug|Any CPU
		{6838BE81-B856-4756-9858-C0999C7551D7}.Release|Any CPU.ActiveCfg = Release|Any CPU
		{6838BE81-B856-4756-9858-C0999C7551D7}.Release|Any CPU.Build.0 = Release|Any CPU
		{6838BE81-B856-4756-9858-C0999C7551D7}.Release|Mixed Platforms.ActiveCfg = Release|Any CPU
		{6838BE81-B856-4756-9858-C0999C7551D7}.Release|Mixed Platforms.Build.0 = Release|Any CPU
		{6838BE81-B856-4756-9858-C0999C7551D7}.Release|x64.ActiveCfg = Release|Any CPU
		{6838BE81-B856-4756-9858-C0999C7551D7}.Release|x86.ActiveCfg = Release|Any CPU
		{A3D31E4C-A11F-438E-B914-D1A2D1FE69E7}.Debug|Any CPU.ActiveCfg = Debug|Any CPU
		{A3D31E4C-A11F-438E-B914-D1A2D1FE69E7}.Debug|Any CPU.Build.0 = Debug|Any CPU
		{A3D31E4C-A11F-438E-B914-D1A2D1FE69E7}.Debug|Mixed Platforms.ActiveCfg = Debug|Any CPU
		{A3D31E4C-A11F-438E-B914-D1A2D1FE69E7}.Debug|Mixed Platforms.Build.0 = Debug|Any CPU
		{A3D31E4C-A11F-438E-B914-D1A2D1FE69E7}.Debug|x64.ActiveCfg = Debug|Any CPU
		{A3D31E4C-A11F-438E-B914-D1A2D1FE69E7}.Debug|x86.ActiveCfg = Debug|Any CPU
		{A3D31E4C-A11F-438E-B914-D1A2D1FE69E7}.Release|Any CPU.ActiveCfg = Release|Any CPU
		{A3D31E4C-A11F-438E-B914-D1A2D1FE69E7}.Release|Any CPU.Build.0 = Release|Any CPU
		{A3D31E4C-A11F-438E-B914-D1A2D1FE69E7}.Release|Mixed Platforms.ActiveCfg = Release|Any CPU
		{A3D31E4C-A11F-438E-B914-D1A2D1FE69E7}.Release|Mixed Platforms.Build.0 = Release|Any CPU
		{A3D31E4C-A11F-438E-B914-D1A2D1FE69E7}.Release|x64.ActiveCfg = Release|Any CPU
		{A3D31E4C-A11F-438E-B914-D1A2D1FE69E7}.Release|x86.ActiveCfg = Release|Any CPU
		{FCB853F9-B3B3-4205-A316-A7EA4F0F3AB7}.Debug|Any CPU.ActiveCfg = Debug|Any CPU
		{FCB853F9-B3B3-4205-A316-A7EA4F0F3AB7}.Debug|Any CPU.Build.0 = Debug|Any CPU
		{FCB853F9-B3B3-4205-A316-A7EA4F0F3AB7}.Debug|Mixed Platforms.ActiveCfg = Debug|Any CPU
		{FCB853F9-B3B3-4205-A316-A7EA4F0F3AB7}.Debug|Mixed Platforms.Build.0 = Debug|Any CPU
		{FCB853F9-B3B3-4205-A316-A7EA4F0F3AB7}.Debug|x64.ActiveCfg = Debug|Any CPU
		{FCB853F9-B3B3-4205-A316-A7EA4F0F3AB7}.Debug|x86.ActiveCfg = Debug|Any CPU
		{FCB853F9-B3B3-4205-A316-A7EA4F0F3AB7}.Release|Any CPU.ActiveCfg = Release|Any CPU
		{FCB853F9-B3B3-4205-A316-A7EA4F0F3AB7}.Release|Any CPU.Build.0 = Release|Any CPU
		{FCB853F9-B3B3-4205-A316-A7EA4F0F3AB7}.Release|Mixed Platforms.ActiveCfg = Release|Any CPU
		{FCB853F9-B3B3-4205-A316-A7EA4F0F3AB7}.Release|Mixed Platforms.Build.0 = Release|Any CPU
		{FCB853F9-B3B3-4205-A316-A7EA4F0F3AB7}.Release|x64.ActiveCfg = Release|Any CPU
		{FCB853F9-B3B3-4205-A316-A7EA4F0F3AB7}.Release|x86.ActiveCfg = Release|Any CPU
		{840FDD0F-1006-4BCB-A496-77F769B08BEF}.Debug|Any CPU.ActiveCfg = Debug|x86
		{840FDD0F-1006-4BCB-A496-77F769B08BEF}.Debug|Mixed Platforms.ActiveCfg = Debug|x86
		{840FDD0F-1006-4BCB-A496-77F769B08BEF}.Debug|Mixed Platforms.Build.0 = Debug|x86
		{840FDD0F-1006-4BCB-A496-77F769B08BEF}.Debug|x64.ActiveCfg = Debug|x86
		{840FDD0F-1006-4BCB-A496-77F769B08BEF}.Debug|x86.ActiveCfg = Debug|x86
		{840FDD0F-1006-4BCB-A496-77F769B08BEF}.Debug|x86.Build.0 = Debug|x86
		{840FDD0F-1006-4BCB-A496-77F769B08BEF}.Release|Any CPU.ActiveCfg = Release|x86
		{840FDD0F-1006-4BCB-A496-77F769B08BEF}.Release|Mixed Platforms.ActiveCfg = Release|x86
		{840FDD0F-1006-4BCB-A496-77F769B08BEF}.Release|Mixed Platforms.Build.0 = Release|x86
		{840FDD0F-1006-4BCB-A496-77F769B08BEF}.Release|x64.ActiveCfg = Release|x86
		{840FDD0F-1006-4BCB-A496-77F769B08BEF}.Release|x86.ActiveCfg = Release|x86
		{840FDD0F-1006-4BCB-A496-77F769B08BEF}.Release|x86.Build.0 = Release|x86
		{E9778714-5E53-4114-884E-FACCFCEB0474}.Debug|Any CPU.ActiveCfg = Debug|Any CPU
		{E9778714-5E53-4114-884E-FACCFCEB0474}.Debug|Any CPU.Build.0 = Debug|Any CPU
		{E9778714-5E53-4114-884E-FACCFCEB0474}.Debug|Mixed Platforms.ActiveCfg = Debug|Any CPU
		{E9778714-5E53-4114-884E-FACCFCEB0474}.Debug|Mixed Platforms.Build.0 = Debug|Any CPU
		{E9778714-5E53-4114-884E-FACCFCEB0474}.Debug|x64.ActiveCfg = Debug|Any CPU
		{E9778714-5E53-4114-884E-FACCFCEB0474}.Debug|x86.ActiveCfg = Debug|Any CPU
		{E9778714-5E53-4114-884E-FACCFCEB0474}.Release|Any CPU.ActiveCfg = Release|Any CPU
		{E9778714-5E53-4114-884E-FACCFCEB0474}.Release|Any CPU.Build.0 = Release|Any CPU
		{E9778714-5E53-4114-884E-FACCFCEB0474}.Release|Mixed Platforms.ActiveCfg = Release|Any CPU
		{E9778714-5E53-4114-884E-FACCFCEB0474}.Release|Mixed Platforms.Build.0 = Release|Any CPU
		{E9778714-5E53-4114-884E-FACCFCEB0474}.Release|x64.ActiveCfg = Release|Any CPU
		{E9778714-5E53-4114-884E-FACCFCEB0474}.Release|x86.ActiveCfg = Release|Any CPU
	EndGlobalSection
	GlobalSection(SolutionProperties) = preSolution
		HideSolutionNode = FALSE
	EndGlobalSection
	GlobalSection(NestedProjects) = preSolution
		{A2E154FC-DDE6-45B9-82C0-0C2F1307567C} = {19CE499D-A550-4660-A79E-6656DFF0AB43}
		{D438C0B3-A168-40B8-BDDD-61F0939DFF35} = {19CE499D-A550-4660-A79E-6656DFF0AB43}
		{E9778714-5E53-4114-884E-FACCFCEB0474} = {19CE499D-A550-4660-A79E-6656DFF0AB43}
		{DBB7F0E2-DD16-4AB4-B03B-D5E627C06AA2} = {18D4AFBE-D6FD-4E94-A1A0-007873CD4626}
		{79A12C57-3E97-41C9-BD1F-2D5976B7C1E9} = {18D4AFBE-D6FD-4E94-A1A0-007873CD4626}
		{2904D531-F346-47E5-BCA7-12172AD5547E} = {18D4AFBE-D6FD-4E94-A1A0-007873CD4626}
		{88E5B7CB-7968-44A7-9FE8-0009F0C2BA8A} = {18D4AFBE-D6FD-4E94-A1A0-007873CD4626}
		{A3D31E4C-A11F-438E-B914-D1A2D1FE69E7} = {18D4AFBE-D6FD-4E94-A1A0-007873CD4626}
		{ABBDB97E-3B7F-4A99-B8EC-1962F982F3EF} = {D933A0FF-C5AB-45DC-AF7D-C6B3AA297F91}
		{A40D0A9C-8AAB-4F98-9FD3-513EFE226907} = {D933A0FF-C5AB-45DC-AF7D-C6B3AA297F91}
		{F5DC02F7-9E14-402C-BE54-890A6AFF3BB8} = {D933A0FF-C5AB-45DC-AF7D-C6B3AA297F91}
		{841A1D3A-1CE6-4DCC-B817-B56623E82EE8} = {D933A0FF-C5AB-45DC-AF7D-C6B3AA297F91}
		{0EA60EB1-19C0-4ACD-9C2B-01D369E034E6} = {D933A0FF-C5AB-45DC-AF7D-C6B3AA297F91}
		{45C0A934-D50A-43B1-A590-BC628C587CC8} = {D933A0FF-C5AB-45DC-AF7D-C6B3AA297F91}
		{53B4313D-16BB-4C97-BE51-DFC4D67A74B2} = {D933A0FF-C5AB-45DC-AF7D-C6B3AA297F91}
		{6838BE81-B856-4756-9858-C0999C7551D7} = {D933A0FF-C5AB-45DC-AF7D-C6B3AA297F91}
		{0E9A3A2A-49CD-4F6C-847C-DC79B4B65CE6} = {203E0835-EAC1-4745-BCFE-C12CD621446D}
		{AE5166CD-76B0-4911-BD80-CED9521F37A1} = {203E0835-EAC1-4745-BCFE-C12CD621446D}
		{FCB853F9-B3B3-4205-A316-A7EA4F0F3AB7} = {8397DBE2-36B7-41BA-8E2C-3A5C15AF334B}
		{840FDD0F-1006-4BCB-A496-77F769B08BEF} = {8397DBE2-36B7-41BA-8E2C-3A5C15AF334B}
	EndGlobalSection
	GlobalSection(PowerDesigner) = preSolution
		HasSWS = 1
	EndGlobalSection
EndGlobal
